{
  "name": "Internship-Logger",
  "lockfileVersion": 2,
  "requires": true,
  "packages": {
    "": {
      "dependencies": {
        "emoji-picker-react": "^3.4.2"
      }
    },
    "node_modules/emoji-picker-react": {
      "version": "3.4.2",
      "resolved": "https://registry.npmjs.org/emoji-picker-react/-/emoji-picker-react-3.4.2.tgz",
      "integrity": "sha512-KFtPFmP0akcb9dHIloJ7Ln/0EARQjjDli9JkKpfWglVpxnMRT2F1FIZQnFeDJoRy2mjsg/KLUKj2nay8qnjv+w=="
    }
  },
  "dependencies": {
    "emoji-picker-react": {
      "version": "3.4.2",
      "resolved": "https://registry.npmjs.org/emoji-picker-react/-/emoji-picker-react-3.4.2.tgz",
      "integrity": "sha512-KFtPFmP0akcb9dHIloJ7Ln/0EARQjjDli9JkKpfWglVpxnMRT2F1FIZQnFeDJoRy2mjsg/KLUKj2nay8qnjv+w=="
    }
  }
}
